
Microsoft Visual Studio Solution File, Format Version 12.00
# Visual Studio Version 17
VisualStudioVersion = 17.8.34316.72
MinimumVisualStudioVersion = 10.0.40219.1
Project("{FAE04EC0-301F-11D3-BF4B-00C04F79EFBC}") = "MagicVilla_VillaAPI", "MagicVilla_VillaAPI\MagicVilla_VillaAPI.csproj", "{3E7DE71C-B728-410D-977A-35DFAA9D9691}"
EndProject
Global
	GlobalSection(SolutionConfigurationPlatforms) = preSolution
		Debug|Any CPU = Debug|Any CPU
		Release|Any CPU = Release|Any CPU
	EndGlobalSection
	GlobalSection(ProjectConfigurationPlatforms) = postSolution
		{3E7DE71C-B728-410D-977A-35DFAA9D9691}.Debug|Any CPU.ActiveCfg = Debug|Any CPU
		{3E7DE71C-B728-410D-977A-35DFAA9D9691}.Debug|Any CPU.Build.0 = Debug|Any CPU
		{3E7DE71C-B728-410D-977A-35DFAA9D9691}.Release|Any CPU.ActiveCfg = Release|Any CPU
		{3E7DE71C-B728-410D-977A-35DFAA9D9691}.Release|Any CPU.Build.0 = Release|Any CPU
	EndGlobalSection
	GlobalSection(SolutionProperties) = preSolution
		HideSolutionNode = FALSE
	EndGlobalSection
	GlobalSection(ExtensibilityGlobals) = postSolution
		SolutionGuid = {2B5866C0-10FF-456D-A799-5D35234E4DDE}
	EndGlobalSection
EndGlobal
